
Microsoft Visual Studio Solution File, Format Version 12.00
# Visual Studio 15
VisualStudioVersion = 15.0.27004.2006
MinimumVisualStudioVersion = 10.0.40219.1
Project("{FAE04EC0-301F-11D3-BF4B-00C04F79EFBC}") = "Sitecore.Flow", "Sitecore.Flow\Sitecore.Flow.csproj", "{6EC77305-BC8A-474E-A9F6-74C2ED3541A7}"
EndProject
Global
	GlobalSection(SolutionConfigurationPlatforms) = preSolution
		Debug|Any CPU = Debug|Any CPU
		Release|Any CPU = Release|Any CPU
	EndGlobalSection
	GlobalSection(ProjectConfigurationPlatforms) = postSolution
		{6EC77305-BC8A-474E-A9F6-74C2ED3541A7}.Debug|Any CPU.ActiveCfg = Debug|Any CPU
		{6EC77305-BC8A-474E-A9F6-74C2ED3541A7}.Debug|Any CPU.Build.0 = Debug|Any CPU
		{6EC77305-BC8A-474E-A9F6-74C2ED3541A7}.Release|Any CPU.ActiveCfg = Release|Any CPU
		{6EC77305-BC8A-474E-A9F6-74C2ED3541A7}.Release|Any CPU.Build.0 = Release|Any CPU
	EndGlobalSection
	GlobalSection(SolutionProperties) = preSolution
		HideSolutionNode = FALSE
	EndGlobalSection
	GlobalSection(ExtensibilityGlobals) = postSolution
		SolutionGuid = {122F90E2-54B9-46D4-9D74-28032F877BC9}
	EndGlobalSection
EndGlobal
